
Microsoft Visual Studio Solution File, Format Version 12.00
# Visual Studio Version 17
VisualStudioVersion = 17.14.36930.0 d17.14
MinimumVisualStudioVersion = 10.0.40219.1
Project("{FAE04EC0-301F-11D3-BF4B-00C04F79EFBC}") = "DepotMap.Endpoint", "DepotMap.Endpoint\DepotMap.Endpoint.csproj", "{CFEEB2F7-BACE-4B85-B994-02D65BB742D8}"
EndProject
Global
	GlobalSection(SolutionConfigurationPlatforms) = preSolution
		Debug|Any CPU = Debug|Any CPU
		Release|Any CPU = Release|Any CPU
	EndGlobalSection
	GlobalSection(ProjectConfigurationPlatforms) = postSolution
		{CFEEB2F7-BACE-4B85-B994-02D65BB742D8}.Debug|Any CPU.ActiveCfg = Debug|Any CPU
		{CFEEB2F7-BACE-4B85-B994-02D65BB742D8}.Debug|Any CPU.Build.0 = Debug|Any CPU
		{CFEEB2F7-BACE-4B85-B994-02D65BB742D8}.Release|Any CPU.ActiveCfg = Release|Any CPU
		{CFEEB2F7-BACE-4B85-B994-02D65BB742D8}.Release|Any CPU.Build.0 = Release|Any CPU
	EndGlobalSection
	GlobalSection(SolutionProperties) = preSolution
		HideSolutionNode = FALSE
	EndGlobalSection
	GlobalSection(ExtensibilityGlobals) = postSolution
		SolutionGuid = {9104D746-2B16-4A38-9F17-7E9DBC9DF3FD}
	EndGlobalSection
EndGlobal
